{
  "version": 4,
  "terraform_version": "0.12.26",
  "serial": 10,
  "lineage": "15aa22d1-ce5d-8ac4-3782-690775d057d5",
  "outputs": {},
  "resources": [
    {
      "mode": "managed",
      "type": "google_container_cluster",
      "name": "av-k8s-cluster",
      "provider": "provider.google",
      "instances": [
        {
          "schema_version": 1,
          "attributes": {
            "additional_zones": [],
            "addons_config": [
              {
                "horizontal_pod_autoscaling": [],
                "http_load_balancing": [],
                "kubernetes_dashboard": [],
                "network_policy_config": [
                  {
                    "disabled": true
                  }
                ]
              }
            ],
            "authenticator_groups_config": [],
            "cluster_autoscaling": [
              {
                "auto_provisioning_defaults": [],
                "enabled": false,
                "resource_limits": []
              }
            ],
            "cluster_ipv4_cidr": "10.24.0.0/14",
            "default_max_pods_per_node": null,
            "description": "",
            "enable_binary_authorization": false,
            "enable_intranode_visibility": null,
            "enable_kubernetes_alpha": false,
            "enable_legacy_abac": false,
            "enable_tpu": null,
            "endpoint": "35.240.126.54",
            "id": "projects/inbound-coast-275214/locations/europe-west1-b/clusters/av-k8s-cluster",
            "initial_node_count": 1,
            "instance_group_urls": [
              "https://www.googleapis.com/compute/v1/projects/inbound-coast-275214/zones/europe-west1-b/instanceGroups/gke-av-k8s-cluster-av-k8s-node-pool-9efee550-grp"
            ],
            "ip_allocation_policy": [],
            "label_fingerprint": "a9dc16a7",
            "location": "europe-west1-b",
            "logging_service": "logging.googleapis.com/kubernetes",
            "maintenance_policy": [],
            "master_auth": [
              {
                "client_certificate": "",
                "client_certificate_config": [
                  {
                    "issue_client_certificate": false
                  }
                ],
                "client_key": "",
                "cluster_ca_certificate": "LS0tLS1CRUdJTiBDRVJUSUZJQ0FURS0tLS0tCk1JSURERENDQWZTZ0F3SUJBZ0lSQVBZSkMvVTRRY3ptcklVbFFPTVFvK0l3RFFZSktvWklodmNOQVFFTEJRQXcKTHpFdE1Dc0dBMVVFQXhNa00yRXhNMkl4TURrdFpXVTVOaTAwTWpNekxUazJZakF0T1dRellUY3pPVFUxWlRsaQpNQjRYRFRJd01EY3dOVEUwTWpnME5Gb1hEVEkxTURjd05ERTFNamcwTkZvd0x6RXRNQ3NHQTFVRUF4TWtNMkV4Ck0ySXhNRGt0WldVNU5pMDBNak16TFRrMllqQXRPV1F6WVRjek9UVTFaVGxpTUlJQklqQU5CZ2txaGtpRzl3MEIKQVFFRkFBT0NBUThBTUlJQkNnS0NBUUVBNEZyaTFBdkpkTDFyandPcjZYSVFoRTFrSVJlbi8ra05CdlAxcEo5SQowMHRKM0pUQk1SWTA3R1dSOUk2UlAveXlYSjlCQmhvQUU0THdRNkFHWlpHTmZ3M3l6MXhLQ0VkV1g2dDFkcDIwCnc1cU56WDF5ekF3OEdGcUkxY0NoRUd6WWV0b2VCZVNEbkxacS9XTHo4RVFuWlVjZDg2c3RxM3RDMVNpQ2VvUVoKaUtaakRjRXBTY0syYldHWXRvYWpLR016eGY1NU8xeXROMXhtM1ZtbWhXU1VuZXNBaUdRM1FrSHhoTVk1K2NONAp4UjV1bmFmZGgxSWN0aCtRR24vUzkzZ2FaZEZSN2tSTEdDdWtRSldSZWgrbWNYVVpNYWNqUEZ1QktKbHEwaVJ5CkRyR2x0NjFvWUltQ28wcXVxQzg2Y2NrbER0VDczK2NJSmdkLzBIa2UxcVlqeVFJREFRQUJveU13SVRBT0JnTlYKSFE4QkFmOEVCQU1DQWdRd0R3WURWUjBUQVFIL0JBVXdBd0VCL3pBTkJna3Foa2lHOXcwQkFRc0ZBQU9DQVFFQQpLb3RmRmxlN2x0MWVubFJiSk5mVm50YUo5WmJQemtGRW5NYW5vMnE2WG1UUW1haUdkMTZlNERtZ1BDNGluWHp2CmRyR01lRFVFZ3hROThtVFRPOW9sN1V2SUVTL1FPQU00VnNMekRqSE8ySFVVLy9nbnR3dnppTGlVQ1pFV2w3VDEKR3VHaVlGR01vQ1Ryd1VmbnhHZVFKVFFxT0hHK3MrbjcyT3I0SEt6TlpteXZRUlkvd20yVWZ3bGF4UE12V0RxbApCQWE0NnJsWVExVGk4TG9FczhVMkN4RnZGRnVGVVRRR2lxcThIU2M4QUVLKzA5VGNKb2QxVjQ2dldXZHFmcmwyCkdXMGFXblowY1ZaaGFGL0tmNUl5WDVnMHhHRGtXQlFUVlpGUWpiTllCVEE4Umo5d2Y5Yzd4a3AvM29zUjdQcjgKRUswbEhTcnJqUWRnTEo0Z0RlbDVwdz09Ci0tLS0tRU5EIENFUlRJRklDQVRFLS0tLS0K",
                "password": "",
                "username": ""
              }
            ],
            "master_authorized_networks_config": [],
            "master_version": "1.14.10-gke.36",
            "min_master_version": null,
            "monitoring_service": "monitoring.googleapis.com/kubernetes",
            "name": "av-k8s-cluster",
            "network": "projects/inbound-coast-275214/global/networks/default",
            "network_policy": [
              {
                "enabled": false,
                "provider": "PROVIDER_UNSPECIFIED"
              }
            ],
            "node_config": [
              {
                "disk_size_gb": 30,
                "disk_type": "pd-standard",
                "guest_accelerator": [],
                "image_type": "COS",
                "labels": {},
                "local_ssd_count": 0,
                "machine_type": "n1-standard-2",
                "metadata": {
                  "disable-legacy-endpoints": "true"
                },
                "min_cpu_platform": "",
                "oauth_scopes": [
                  "https://www.googleapis.com/auth/logging.write",
                  "https://www.googleapis.com/auth/monitoring"
                ],
                "preemptible": true,
                "sandbox_config": [],
                "service_account": "default",
                "shielded_instance_config": [
                  {
                    "enable_integrity_monitoring": true,
                    "enable_secure_boot": false
                  }
                ],
                "tags": [],
                "taint": [],
                "workload_metadata_config": []
              }
            ],
            "node_locations": [],
            "node_pool": [
              {
                "autoscaling": [],
                "initial_node_count": 1,
                "instance_group_urls": [
                  "https://www.googleapis.com/compute/v1/projects/inbound-coast-275214/zones/europe-west1-b/instanceGroupManagers/gke-av-k8s-cluster-av-k8s-node-pool-9efee550-grp"
                ],
                "management": [
                  {
                    "auto_repair": true,
                    "auto_upgrade": true
                  }
                ],
                "max_pods_per_node": 0,
                "name": "av-k8s-node-pool",
                "name_prefix": "",
                "node_config": [
                  {
                    "disk_size_gb": 30,
                    "disk_type": "pd-standard",
                    "guest_accelerator": [],
                    "image_type": "COS",
                    "labels": {},
                    "local_ssd_count": 0,
                    "machine_type": "n1-standard-2",
                    "metadata": {
                      "disable-legacy-endpoints": "true"
                    },
                    "min_cpu_platform": "",
                    "oauth_scopes": [
                      "https://www.googleapis.com/auth/logging.write",
                      "https://www.googleapis.com/auth/monitoring"
                    ],
                    "preemptible": true,
                    "sandbox_config": [],
                    "service_account": "default",
                    "shielded_instance_config": [
                      {
                        "enable_integrity_monitoring": true,
                        "enable_secure_boot": false
                      }
                    ],
                    "tags": [],
                    "taint": [],
                    "workload_metadata_config": []
                  }
                ],
                "node_count": 1,
                "upgrade_settings": [
                  {
                    "max_surge": 1,
                    "max_unavailable": 0
                  }
                ],
                "version": "1.14.10-gke.36"
              }
            ],
            "node_version": "1.14.10-gke.36",
            "operation": null,
            "pod_security_policy_config": [],
            "private_cluster_config": [],
            "project": "inbound-coast-275214",
            "region": null,
            "remove_default_node_pool": true,
            "resource_labels": {},
            "services_ipv4_cidr": "10.27.240.0/20",
            "subnetwork": "projects/inbound-coast-275214/regions/europe-west1/subnetworks/default",
            "timeouts": null,
            "vertical_pod_autoscaling": [],
            "zone": null
          },
          "private": "eyJlMmJmYjczMC1lY2FhLTExZTYtOGY4OC0zNDM2M2JjN2M0YzAiOnsiY3JlYXRlIjoyNDAwMDAwMDAwMDAwLCJkZWxldGUiOjI0MDAwMDAwMDAwMDAsInVwZGF0ZSI6MzYwMDAwMDAwMDAwMH0sInNjaGVtYV92ZXJzaW9uIjoiMSJ9"
        }
      ]
    },
    {
      "mode": "managed",
      "type": "google_container_node_pool",
      "name": "av-k8s-nodes",
      "provider": "provider.google",
      "instances": [
        {
          "schema_version": 1,
          "attributes": {
            "autoscaling": [],
            "cluster": "av-k8s-cluster",
            "id": "projects/inbound-coast-275214/locations/europe-west1-b/clusters/av-k8s-cluster/nodePools/av-k8s-node-pool",
            "initial_node_count": 1,
            "instance_group_urls": [
              "https://www.googleapis.com/compute/v1/projects/inbound-coast-275214/zones/europe-west1-b/instanceGroupManagers/gke-av-k8s-cluster-av-k8s-node-pool-9efee550-grp"
            ],
            "location": "europe-west1-b",
            "management": [
              {
                "auto_repair": true,
                "auto_upgrade": true
              }
            ],
            "max_pods_per_node": null,
            "name": "av-k8s-node-pool",
            "name_prefix": "",
            "node_config": [
              {
                "disk_size_gb": 30,
                "disk_type": "pd-standard",
                "guest_accelerator": [],
                "image_type": "COS",
                "labels": {},
                "local_ssd_count": 0,
                "machine_type": "n1-standard-2",
                "metadata": {
                  "disable-legacy-endpoints": "true"
                },
                "min_cpu_platform": "",
                "oauth_scopes": [
                  "https://www.googleapis.com/auth/logging.write",
                  "https://www.googleapis.com/auth/monitoring"
                ],
                "preemptible": true,
                "sandbox_config": [],
                "service_account": "default",
                "shielded_instance_config": [
                  {
                    "enable_integrity_monitoring": true,
                    "enable_secure_boot": false
                  }
                ],
                "tags": [],
                "taint": [],
                "workload_metadata_config": []
              }
            ],
            "node_count": 1,
            "project": "inbound-coast-275214",
            "region": null,
            "timeouts": null,
            "upgrade_settings": [
              {
                "max_surge": 1,
                "max_unavailable": 0
              }
            ],
            "version": "1.14.10-gke.36",
            "zone": null
          },
          "private": "eyJlMmJmYjczMC1lY2FhLTExZTYtOGY4OC0zNDM2M2JjN2M0YzAiOnsiY3JlYXRlIjoxODAwMDAwMDAwMDAwLCJkZWxldGUiOjE4MDAwMDAwMDAwMDAsInVwZGF0ZSI6MTgwMDAwMDAwMDAwMH0sInNjaGVtYV92ZXJzaW9uIjoiMSJ9",
          "dependencies": [
            "google_container_cluster.av-k8s-cluster"
          ]
        }
      ]
    }
  ]
}
