{
  "version": 4,
  "terraform_version": "0.12.26",
  "serial": 62,
  "lineage": "33b0448c-aee3-9092-b434-767db47d3ba8",
  "outputs": {},
  "resources": [
    {
      "mode": "managed",
      "type": "google_container_cluster",
      "name": "av-k8s-cluster",
      "provider": "provider.google",
      "instances": [
        {
          "schema_version": 1,
          "attributes": {
            "additional_zones": [],
            "addons_config": [
              {
                "horizontal_pod_autoscaling": [],
                "http_load_balancing": [],
                "kubernetes_dashboard": [],
                "network_policy_config": [
                  {
                    "disabled": true
                  }
                ]
              }
            ],
            "authenticator_groups_config": [],
            "cluster_autoscaling": [
              {
                "auto_provisioning_defaults": [],
                "enabled": false,
                "resource_limits": []
              }
            ],
            "cluster_ipv4_cidr": "10.24.0.0/14",
            "default_max_pods_per_node": null,
            "description": "",
            "enable_binary_authorization": false,
            "enable_intranode_visibility": null,
            "enable_kubernetes_alpha": false,
            "enable_legacy_abac": false,
            "enable_tpu": null,
            "endpoint": "34.78.1.46",
            "id": "projects/inbound-coast-275214/locations/europe-west1-b/clusters/av-k8s-cluster",
            "initial_node_count": 1,
            "instance_group_urls": [
              "https://www.googleapis.com/compute/v1/projects/inbound-coast-275214/zones/europe-west1-b/instanceGroups/gke-av-k8s-cluster-av-k8s-node-pool-583cede6-grp"
            ],
            "ip_allocation_policy": [],
            "label_fingerprint": "a9dc16a7",
            "location": "europe-west1-b",
            "logging_service": "logging.googleapis.com/kubernetes",
            "maintenance_policy": [],
            "master_auth": [
              {
                "client_certificate": "",
                "client_certificate_config": [
                  {
                    "issue_client_certificate": false
                  }
                ],
                "client_key": "",
                "cluster_ca_certificate": "LS0tLS1CRUdJTiBDRVJUSUZJQ0FURS0tLS0tCk1JSURERENDQWZTZ0F3SUJBZ0lSQUtZRWlXMEE0UnF4R2xFSzU5MVJkZ3d3RFFZSktvWklodmNOQVFFTEJRQXcKTHpFdE1Dc0dBMVVFQXhNa05qZzNOREUwTW1RdE1Ua3laUzAwTVdaaExUbGlOemt0Tm1VNFkyVTBNMlZpTmprdwpNQjRYRFRJd01EY3hNREUxTkRJME1Gb1hEVEkxTURjd09URTJOREkwTUZvd0x6RXRNQ3NHQTFVRUF4TWtOamczCk5ERTBNbVF0TVRreVpTMDBNV1poTFRsaU56a3RObVU0WTJVME0yVmlOamt3TUlJQklqQU5CZ2txaGtpRzl3MEIKQVFFRkFBT0NBUThBTUlJQkNnS0NBUUVBMlpRUEZlcWg5MHZab2t0akxrRG1SeHloYkJTS3FFQkFiZGt3OHVDYgptVFpwcEdVeE9BT1pKT0l4N0JraXpXUGFBdC9WWlZUM1pmQlZqc0l1SjRtaSt1d3ZXL3FhVEpIUXpPTnJEWDNJCjByS0NJa3B6UFBPbnhLSkRWWEFnNXVocGpFR2VYL0tyYTdvREw4NUNsRmRPeExFZy8zZytLdjlrUEQ5VGlLREYKdGxLcEJhaWUvVitMWnRYYUpYMWdzSnFjSXdWYnFNTFNFdU1vVlRUd3A4RVNwUlhQakxZelcxU1plSUlRZjVRagpuWU1YMDhDUkxzUDlaL09PU2hiYmhteDhUbW9udGpuRFdzTzAzdzNIOFpYN0x3OWRYS1l3L2taRGFaRldZVmU3CitSb09jcldyM1JDb1h0dTFGYWRpalpwUFRMSzlaTG9xK2ZlcElwUEhPUnJUbVFJREFRQUJveU13SVRBT0JnTlYKSFE4QkFmOEVCQU1DQWdRd0R3WURWUjBUQVFIL0JBVXdBd0VCL3pBTkJna3Foa2lHOXcwQkFRc0ZBQU9DQVFFQQpRYXVOYW9maHNreWVyUDRPenBSRVJ0L3Y1VExwUE9SNVF5Znpmc0VpbEFiNWFWdE1qM2xyNDduM3hjbzJJcGFKCkpoaUpBZDlQdkhoSWNOUys0Rm9xMEx0dGkvSTBXZUJSN0dqK05ISDNUSlNmZ3hqaHA1TVZteW1ZaUwvN3VWanYKYnYwR3dLbUtjVy9WS2tSaERJYkVmb1RyamEyNEthQUR5RnJUZ0xycjc2aGo2cUF1Uk15V05tMW9qSHRJSStRTgp1TzhiQitOVFlHSERzd1cvc1lNbmtTMVFDTXBFWmEyR29uNW5jUEJIWUlILzRHcWs2R0lBK1VNaEpzUjJiZGRJCjB0cVM2TVN6aVJnL2NwZXBzcEFoZnQvd2Uvc2NNRVNRdWlrZnlPb0E3WGt4ZE1yK1FjejhZQ09IcHJHVUZ5azUKa3hCc09MMzhiSVJXV2ZySWF4L2Rndz09Ci0tLS0tRU5EIENFUlRJRklDQVRFLS0tLS0K",
                "password": "",
                "username": ""
              }
            ],
            "master_authorized_networks_config": [],
            "master_version": "1.14.10-gke.36",
            "min_master_version": null,
            "monitoring_service": "monitoring.googleapis.com/kubernetes",
            "name": "av-k8s-cluster",
            "network": "projects/inbound-coast-275214/global/networks/default",
            "network_policy": [
              {
                "enabled": false,
                "provider": "PROVIDER_UNSPECIFIED"
              }
            ],
            "node_config": [
              {
                "disk_size_gb": 30,
                "disk_type": "pd-standard",
                "guest_accelerator": [],
                "image_type": "COS",
                "labels": {},
                "local_ssd_count": 0,
                "machine_type": "n1-standard-2",
                "metadata": {
                  "disable-legacy-endpoints": "true"
                },
                "min_cpu_platform": "",
                "oauth_scopes": [
                  "https://www.googleapis.com/auth/logging.write",
                  "https://www.googleapis.com/auth/monitoring"
                ],
                "preemptible": true,
                "sandbox_config": [],
                "service_account": "default",
                "shielded_instance_config": [
                  {
                    "enable_integrity_monitoring": true,
                    "enable_secure_boot": false
                  }
                ],
                "tags": [],
                "taint": [],
                "workload_metadata_config": []
              }
            ],
            "node_locations": [],
            "node_pool": [
              {
                "autoscaling": [],
                "initial_node_count": 1,
                "instance_group_urls": [
                  "https://www.googleapis.com/compute/v1/projects/inbound-coast-275214/zones/europe-west1-b/instanceGroupManagers/gke-av-k8s-cluster-av-k8s-node-pool-583cede6-grp"
                ],
                "management": [
                  {
                    "auto_repair": true,
                    "auto_upgrade": true
                  }
                ],
                "max_pods_per_node": 0,
                "name": "av-k8s-node-pool",
                "name_prefix": "",
                "node_config": [
                  {
                    "disk_size_gb": 30,
                    "disk_type": "pd-standard",
                    "guest_accelerator": [],
                    "image_type": "COS",
                    "labels": {},
                    "local_ssd_count": 0,
                    "machine_type": "n1-standard-2",
                    "metadata": {
                      "disable-legacy-endpoints": "true"
                    },
                    "min_cpu_platform": "",
                    "oauth_scopes": [
                      "https://www.googleapis.com/auth/logging.write",
                      "https://www.googleapis.com/auth/monitoring"
                    ],
                    "preemptible": true,
                    "sandbox_config": [],
                    "service_account": "default",
                    "shielded_instance_config": [
                      {
                        "enable_integrity_monitoring": true,
                        "enable_secure_boot": false
                      }
                    ],
                    "tags": [],
                    "taint": [],
                    "workload_metadata_config": []
                  }
                ],
                "node_count": 1,
                "upgrade_settings": [
                  {
                    "max_surge": 1,
                    "max_unavailable": 0
                  }
                ],
                "version": "1.14.10-gke.36"
              }
            ],
            "node_version": "1.14.10-gke.36",
            "operation": null,
            "pod_security_policy_config": [],
            "private_cluster_config": [],
            "project": "inbound-coast-275214",
            "region": null,
            "remove_default_node_pool": true,
            "resource_labels": {},
            "services_ipv4_cidr": "10.27.240.0/20",
            "subnetwork": "projects/inbound-coast-275214/regions/europe-west1/subnetworks/default",
            "timeouts": null,
            "vertical_pod_autoscaling": [],
            "zone": null
          },
          "private": "eyJlMmJmYjczMC1lY2FhLTExZTYtOGY4OC0zNDM2M2JjN2M0YzAiOnsiY3JlYXRlIjoyNDAwMDAwMDAwMDAwLCJkZWxldGUiOjI0MDAwMDAwMDAwMDAsInVwZGF0ZSI6MzYwMDAwMDAwMDAwMH0sInNjaGVtYV92ZXJzaW9uIjoiMSJ9"
        }
      ]
    },
    {
      "mode": "managed",
      "type": "google_container_node_pool",
      "name": "av-k8s-nodes",
      "provider": "provider.google",
      "instances": [
        {
          "schema_version": 1,
          "attributes": {
            "autoscaling": [],
            "cluster": "av-k8s-cluster",
            "id": "projects/inbound-coast-275214/locations/europe-west1-b/clusters/av-k8s-cluster/nodePools/av-k8s-node-pool",
            "initial_node_count": 1,
            "instance_group_urls": [
              "https://www.googleapis.com/compute/v1/projects/inbound-coast-275214/zones/europe-west1-b/instanceGroupManagers/gke-av-k8s-cluster-av-k8s-node-pool-583cede6-grp"
            ],
            "location": "europe-west1-b",
            "management": [
              {
                "auto_repair": true,
                "auto_upgrade": true
              }
            ],
            "max_pods_per_node": null,
            "name": "av-k8s-node-pool",
            "name_prefix": "",
            "node_config": [
              {
                "disk_size_gb": 30,
                "disk_type": "pd-standard",
                "guest_accelerator": [],
                "image_type": "COS",
                "labels": {},
                "local_ssd_count": 0,
                "machine_type": "n1-standard-2",
                "metadata": {
                  "disable-legacy-endpoints": "true"
                },
                "min_cpu_platform": "",
                "oauth_scopes": [
                  "https://www.googleapis.com/auth/logging.write",
                  "https://www.googleapis.com/auth/monitoring"
                ],
                "preemptible": true,
                "sandbox_config": [],
                "service_account": "default",
                "shielded_instance_config": [
                  {
                    "enable_integrity_monitoring": true,
                    "enable_secure_boot": false
                  }
                ],
                "tags": [],
                "taint": [],
                "workload_metadata_config": []
              }
            ],
            "node_count": 1,
            "project": "inbound-coast-275214",
            "region": null,
            "timeouts": null,
            "upgrade_settings": [
              {
                "max_surge": 1,
                "max_unavailable": 0
              }
            ],
            "version": "1.14.10-gke.36",
            "zone": null
          },
          "private": "eyJlMmJmYjczMC1lY2FhLTExZTYtOGY4OC0zNDM2M2JjN2M0YzAiOnsiY3JlYXRlIjoxODAwMDAwMDAwMDAwLCJkZWxldGUiOjE4MDAwMDAwMDAwMDAsInVwZGF0ZSI6MTgwMDAwMDAwMDAwMH0sInNjaGVtYV92ZXJzaW9uIjoiMSJ9",
          "dependencies": [
            "google_container_cluster.av-k8s-cluster"
          ]
        }
      ]
    },
    {
      "mode": "managed",
      "type": "helm_release",
      "name": "grafana",
      "provider": "provider.helm",
      "instances": [
        {
          "schema_version": 0,
          "attributes": {
            "atomic": false,
            "chart": "../helm/grafana",
            "cleanup_on_fail": false,
            "create_namespace": false,
            "dependency_update": false,
            "description": null,
            "devel": null,
            "disable_crd_hooks": false,
            "disable_openapi_validation": false,
            "disable_webhooks": false,
            "force_update": false,
            "id": "grafana",
            "keyring": null,
            "lint": false,
            "max_history": 0,
            "metadata": [
              {
                "chart": "grafana",
                "name": "grafana",
                "namespace": "monitoring",
                "revision": 1,
                "values": "null",
                "version": "5.3.5"
              }
            ],
            "name": "grafana",
            "namespace": "monitoring",
            "postrender": [],
            "recreate_pods": false,
            "render_subchart_notes": true,
            "replace": false,
            "repository": null,
            "repository_ca_file": null,
            "repository_cert_file": null,
            "repository_key_file": null,
            "repository_password": null,
            "repository_username": null,
            "reset_values": false,
            "reuse_values": false,
            "set": [],
            "set_sensitive": [],
            "set_string": [],
            "skip_crds": false,
            "status": "deployed",
            "timeout": 300,
            "values": null,
            "verify": false,
            "version": "5.3.5",
            "wait": true
          },
          "private": "bnVsbA==",
          "dependencies": [
            "google_container_cluster.av-k8s-cluster",
            "google_container_node_pool.av-k8s-nodes",
            "helm_release.prometheus"
          ]
        }
      ]
    },
    {
      "mode": "managed",
      "type": "helm_release",
      "name": "prometheus",
      "provider": "provider.helm",
      "instances": [
        {
          "schema_version": 0,
          "attributes": {
            "atomic": false,
            "chart": "../helm/prometheus",
            "cleanup_on_fail": false,
            "create_namespace": true,
            "dependency_update": false,
            "description": null,
            "devel": null,
            "disable_crd_hooks": false,
            "disable_openapi_validation": false,
            "disable_webhooks": false,
            "force_update": false,
            "id": "prometheus",
            "keyring": null,
            "lint": false,
            "max_history": 0,
            "metadata": [
              {
                "chart": "prometheus",
                "name": "prometheus",
                "namespace": "monitoring",
                "revision": 1,
                "values": "null",
                "version": "11.7.0"
              }
            ],
            "name": "prometheus",
            "namespace": "monitoring",
            "postrender": [],
            "recreate_pods": false,
            "render_subchart_notes": true,
            "replace": false,
            "repository": null,
            "repository_ca_file": null,
            "repository_cert_file": null,
            "repository_key_file": null,
            "repository_password": null,
            "repository_username": null,
            "reset_values": false,
            "reuse_values": false,
            "set": [],
            "set_sensitive": [],
            "set_string": [],
            "skip_crds": false,
            "status": "deployed",
            "timeout": 300,
            "values": null,
            "verify": false,
            "version": "11.7.0",
            "wait": true
          },
          "private": "bnVsbA==",
          "dependencies": [
            "google_container_cluster.av-k8s-cluster",
            "google_container_node_pool.av-k8s-nodes"
          ]
        }
      ]
    }
  ]
}
